
Microsoft Visual Studio Solution File, Format Version 12.00
# Visual Studio Version 17
VisualStudioVersion = 17.13.35931.197 d17.13
MinimumVisualStudioVersion = 10.0.40219.1
Project("{FAE04EC0-301F-11D3-BF4B-00C04F79EFBC}") = "adminProfolio", "adminProfolio\adminProfolio.csproj", "{21654D3B-2C50-434F-9C9E-0EC4D521AA60}"
EndProject
Global
	GlobalSection(SolutionConfigurationPlatforms) = preSolution
		Debug|Any CPU = Debug|Any CPU
		Release|Any CPU = Release|Any CPU
	EndGlobalSection
	GlobalSection(ProjectConfigurationPlatforms) = postSolution
		{21654D3B-2C50-434F-9C9E-0EC4D521AA60}.Debug|Any CPU.ActiveCfg = Debug|Any CPU
		{21654D3B-2C50-434F-9C9E-0EC4D521AA60}.Debug|Any CPU.Build.0 = Debug|Any CPU
		{21654D3B-2C50-434F-9C9E-0EC4D521AA60}.Release|Any CPU.ActiveCfg = Release|Any CPU
		{21654D3B-2C50-434F-9C9E-0EC4D521AA60}.Release|Any CPU.Build.0 = Release|Any CPU
	EndGlobalSection
	GlobalSection(SolutionProperties) = preSolution
		HideSolutionNode = FALSE
	EndGlobalSection
	GlobalSection(ExtensibilityGlobals) = postSolution
		SolutionGuid = {407E3755-3CDB-488D-92F2-60F60665423C}
	EndGlobalSection
EndGlobal
